
Microsoft Visual Studio Solution File, Format Version 12.00
# Visual Studio 15
VisualStudioVersion = 15.0.28307.489
MinimumVisualStudioVersion = 10.0.40219.1
Project("{FAE04EC0-301F-11D3-BF4B-00C04F79EFBC}") = "studentDailyReport", "studentDailyReport\studentDailyReport.csproj", "{B25C7740-9E12-47BE-A520-91BF2BBD9E3F}"
EndProject
Global
	GlobalSection(SolutionConfigurationPlatforms) = preSolution
		Debug|Any CPU = Debug|Any CPU
		Release|Any CPU = Release|Any CPU
	EndGlobalSection
	GlobalSection(ProjectConfigurationPlatforms) = postSolution
		{B25C7740-9E12-47BE-A520-91BF2BBD9E3F}.Debug|Any CPU.ActiveCfg = Debug|Any CPU
		{B25C7740-9E12-47BE-A520-91BF2BBD9E3F}.Debug|Any CPU.Build.0 = Debug|Any CPU
		{B25C7740-9E12-47BE-A520-91BF2BBD9E3F}.Release|Any CPU.ActiveCfg = Release|Any CPU
		{B25C7740-9E12-47BE-A520-91BF2BBD9E3F}.Release|Any CPU.Build.0 = Release|Any CPU
	EndGlobalSection
	GlobalSection(SolutionProperties) = preSolution
		HideSolutionNode = FALSE
	EndGlobalSection
	GlobalSection(ExtensibilityGlobals) = postSolution
		SolutionGuid = {68E52639-2566-46A6-B3B2-748350014A15}
	EndGlobalSection
EndGlobal
