
Microsoft Visual Studio Solution File, Format Version 12.00
# Visual Studio 15
VisualStudioVersion = 15.0.28307.489
MinimumVisualStudioVersion = 10.0.40219.1
Project("{FAE04EC0-301F-11D3-BF4B-00C04F79EFBC}") = "ListArraysLoops", "ListArraysLoops\ListArraysLoops.csproj", "{CDA45451-2D05-436C-948F-9F41831CF117}"
EndProject
Global
	GlobalSection(SolutionConfigurationPlatforms) = preSolution
		Debug|Any CPU = Debug|Any CPU
		Release|Any CPU = Release|Any CPU
	EndGlobalSection
	GlobalSection(ProjectConfigurationPlatforms) = postSolution
		{CDA45451-2D05-436C-948F-9F41831CF117}.Debug|Any CPU.ActiveCfg = Debug|Any CPU
		{CDA45451-2D05-436C-948F-9F41831CF117}.Debug|Any CPU.Build.0 = Debug|Any CPU
		{CDA45451-2D05-436C-948F-9F41831CF117}.Release|Any CPU.ActiveCfg = Release|Any CPU
		{CDA45451-2D05-436C-948F-9F41831CF117}.Release|Any CPU.Build.0 = Release|Any CPU
	EndGlobalSection
	GlobalSection(SolutionProperties) = preSolution
		HideSolutionNode = FALSE
	EndGlobalSection
	GlobalSection(ExtensibilityGlobals) = postSolution
		SolutionGuid = {58D611F8-E399-486A-8A0F-31DEE51B7B94}
	EndGlobalSection
EndGlobal
